{
  "Comment.nvim": { "branch": "master", "commit": "0236521ea582747b58869cb72f70ccfa967d2e89" },
  "LuaSnip": { "branch": "master", "commit": "6a001360cea89df50f7c5cc8c7a75e6a21f1ef5c" },
  "cellular-automaton.nvim": { "branch": "main", "commit": "b7d056dab963b5d3f2c560d92937cb51db61cb5b" },
  "clangd_extensions.nvim": { "branch": "main", "commit": "34c8eaa12be192e83cd4865ce2375e9f53e728f2" },
  "cmp-buffer": { "branch": "main", "commit": "3022dbc9166796b644a841a02de8dd1cc1d311fa" },
  "cmp-calc": { "branch": "main", "commit": "ce91d14d2e7a8b3f6ad86d85e34d41c1ae6268d9" },
  "cmp-cmdline": { "branch": "main", "commit": "8ee981b4a91f536f52add291594e89fb6645e451" },
  "cmp-dap": { "branch": "master", "commit": "ea92773e84c0ad3288c3bc5e452ac91559669087" },
  "cmp-fuzzy-path": { "branch": "master", "commit": "acdb3d74ff32325b6379e68686fe489c3da29b0a" },
  "cmp-nvim-lsp": { "branch": "main", "commit": "5af77f54de1b16c34b23cba810150689a3a90312" },
  "cmp-nvim-lsp-signature-help": { "branch": "main", "commit": "3d8912ebeb56e5ae08ef0906e3a54de1c66b92f1" },
  "cmp_luasnip": { "branch": "master", "commit": "05a9ab28b53f71d1aece421ef32fee2cb857a843" },
  "copilot.lua": { "branch": "master", "commit": "38a41d0d78f8823cc144c99784528b9a68bdd608" },
  "everforest": { "branch": "master", "commit": "72f101bd63228a1a45012325e39c5280ec22c828" },
  "flatten.nvim": { "branch": "main", "commit": "c78c5200899d2afd171d9d2bf09e139e3710eeb6" },
  "fuzzy.nvim": { "branch": "master", "commit": "67a42ad2fa6d5ff41f0ef3cf69bb247410da5d7a" },
  "fzf-lua": { "branch": "main", "commit": "209e9405d2df949cbffe5b7b9329756b83bf2339" },
  "git-conflict.nvim": { "branch": "main", "commit": "896261933afe2fddf6fb043d9cd4d88301b151a9" },
  "gitsigns.nvim": { "branch": "main", "commit": "d195f0c35ced5174d3ecce1c4c8ebb3b5bc23fa9" },
  "glance.nvim": { "branch": "master", "commit": "8ed5cf3b3b1231ea696d88c9efd977027429d869" },
  "gruvbox-material": { "branch": "master", "commit": "7f56d9f9c4860df528031539d321a61f6e081dee" },
  "headlines.nvim": { "branch": "master", "commit": "e3d7bfdf40e41a020d966d35f8b48d75b90367d2" },
  "image.nvim": { "branch": "master", "commit": "41f0f2643a09631bc0d8e2837b514667d423e440" },
  "jupytext.vim": { "branch": "master", "commit": "ec8f337bd5799e16a02816d04b7c91b9555d79c2" },
  "kanagawa.nvim": { "branch": "master", "commit": "c19b9023842697ec92caf72cd3599f7dd7be4456" },
  "lazy.nvim": { "branch": "main", "commit": "96584866b9c5e998cbae300594d0ccfd0c464627" },
  "markdown-preview.nvim": { "branch": "master", "commit": "a923f5fc5ba36a3b17e289dc35dc17f66d0548ee" },
  "molten-nvim": { "branch": "main", "commit": "6da3d1934922bfde5ba6ccf27b465a23e6190115" },
  "nvim-autopairs": { "branch": "master", "commit": "0f04d78619cce9a5af4f355968040f7d675854a1" },
  "nvim-cmp": { "branch": "main", "commit": "538e37ba87284942c1d76ed38dd497e54e65b891" },
  "nvim-colorizer.lua": { "branch": "master", "commit": "dde3084106a70b9a79d48f426f6d6fec6fd203f7" },
  "nvim-dap": { "branch": "master", "commit": "bbe2c6f3438542a37cc2141a8e385f7dfe07d87d" },
  "nvim-dap-ui": { "branch": "master", "commit": "34160a7ce6072ef332f350ae1d4a6a501daf0159" },
  "nvim-lspconfig": { "branch": "master", "commit": "84f2dd42efffa20d505ac44c78568d778ca7e0a1" },
  "nvim-surround": { "branch": "main", "commit": "633a0ab03159569a66b65671b0ffb1a6aed6cf18" },
  "nvim-treesitter": { "branch": "master", "commit": "42381aae7c1f785e4658cdb34a750be9851ba9af" },
  "nvim-treesitter-endwise": { "branch": "master", "commit": "4c344ffc8d54d7e1ba2cefaaa2c10ea93aa1cc2d" },
  "nvim-treesitter-textobjects": { "branch": "master", "commit": "ec1c5bdb3d87ac971749fa6c7dbc2b14884f1f6a" },
  "nvim-ts-context-commentstring": { "branch": "main", "commit": "1277b4a1f451b0f18c0790e1a7f12e1e5fdebfee" },
  "nvim-web-devicons": { "branch": "master", "commit": "a1425903ab52a0a0460622519e827f224e5b4fee" },
  "oil.nvim": { "branch": "master", "commit": "24027ed8d7f3ee5c38cfd713915e2e16d89e79b3" },
  "one-small-step-for-vimkind": { "branch": "main", "commit": "94b06d81209627d0098c4c5a14714e42a792bf0b" },
  "otter.nvim": { "branch": "main", "commit": "9a3db06bf3abadafb93279648317984ca789b888" },
  "plenary.nvim": { "branch": "master", "commit": "55d9fe89e33efd26f532ef20223e5f9430c8b0c0" },
  "rose-pine": { "branch": "main", "commit": "92762f4fa2144c05db760ea254f4c399a56a7ef5" },
  "telescope-fzf-native.nvim": { "branch": "main", "commit": "6c921ca12321edaa773e324ef64ea301a1d0da62" },
  "treesj": { "branch": "main", "commit": "1d6e89f4790aa04eaae38fa9460a3ee191961c96" },
  "vim-easy-align": { "branch": "master", "commit": "12dd6316974f71ce333e360c0260b4e1f81169c3" },
  "vim-fugitive": { "branch": "master", "commit": "46eaf8918b347906789df296143117774e827616" },
  "vim-sleuth": { "branch": "master", "commit": "1cc4557420f215d02c4d2645a748a816c220e99b" },
  "vim-table-mode": { "branch": "master", "commit": "4ff8de2ac93431ee6d85a9e04177012752e6abdc" },
  "vimtex": { "branch": "master", "commit": "29b6c052707b2d713fe2097cd5df54ce12ba2f90" }
}