{
  "Comment.nvim": { "branch": "master", "commit": "176e85eeb63f1a5970d6b88f1725039d85ca0055" },
  "LuaSnip": { "branch": "master", "commit": "c7984d1cca3d8615e4daefc196597872a0b8d590" },
  "cellular-automaton.nvim": { "branch": "main", "commit": "679943b8e1e5ef79aaeeaf4b00782c52eb4e928f" },
  "clangd_extensions.nvim": { "branch": "main", "commit": "6d0bf36870d15c0c2284f4b6693a66552a6bf127" },
  "cmp-calc": { "branch": "main", "commit": "50792f34a628ea6eb31d2c90e8df174671e4e7a0" },
  "cmp-cmdline": { "branch": "main", "commit": "8ee981b4a91f536f52add291594e89fb6645e451" },
  "cmp-dap": { "branch": "master", "commit": "d16f14a210cd28988b97ca8339d504533b7e09a4" },
  "cmp-fuzzy-buffer": { "branch": "main", "commit": "ada6352bc7e3c32471ab6c08f954001870329de1" },
  "cmp-fuzzy-path": { "branch": "master", "commit": "acdb3d74ff32325b6379e68686fe489c3da29b0a" },
  "cmp-nvim-lsp": { "branch": "main", "commit": "44b16d11215dce86f253ce0c30949813c0a90765" },
  "cmp-nvim-lsp-signature-help": { "branch": "main", "commit": "3d8912ebeb56e5ae08ef0906e3a54de1c66b92f1" },
  "cmp_luasnip": { "branch": "master", "commit": "18095520391186d634a0045dacaa346291096566" },
  "copilot.lua": { "branch": "master", "commit": "33aa9419da8f9bf9b6a992e6c9c7b7f9e36dac06" },
  "fcitx.nvim": { "branch": "master", "commit": "dcb6b70888aa893d3d223bb777d4117bbdac06a7" },
  "fidget.nvim": { "branch": "legacy", "commit": "90c22e47be057562ee9566bad313ad42d622c1d3" },
  "flatten.nvim": { "branch": "main", "commit": "d92c93959e9ac52a00002d6fd64c2d2ca5dd7192" },
  "fuzzy.nvim": { "branch": "master", "commit": "67a42ad2fa6d5ff41f0ef3cf69bb247410da5d7a" },
  "gitsigns.nvim": { "branch": "main", "commit": "a36bc3360d584d39b4fb076d855c4180842d4444" },
  "lazy.nvim": { "branch": "main", "commit": "4c8b625bc873ca76b76eee0c28c98f1f7148f17f" },
  "markdown-preview.nvim": { "branch": "master", "commit": "02cc3874738bc0f86e4b91f09b8a0ac88aef8e96" },
  "neodev.nvim": { "branch": "main", "commit": "8bce31c0899bcf369351147518be77a5e4c7b889" },
  "null-ls.nvim": { "branch": "main", "commit": "bbaf5a96913aa92281f154b08732be2f57021c45" },
  "nvim-autopairs": { "branch": "master", "commit": "e8f7dd7a72de3e7b6626c050a802000e69d53ff0" },
  "nvim-cmp": { "branch": "main", "commit": "e1f1b40790a8cb7e64091fb12cc5ffe350363aa0" },
  "nvim-colorizer.lua": { "branch": "master", "commit": "dde3084106a70b9a79d48f426f6d6fec6fd203f7" },
  "nvim-dap": { "branch": "master", "commit": "a6d48d23407fbad7a4c1451803b8f34cab31c441" },
  "nvim-dap-ui": { "branch": "master", "commit": "c020f660b02772f9f3d11f599fefad3268628a9e" },
  "nvim-lspconfig": { "branch": "master", "commit": "b6b34b9acf84949f0ac1c00747765e62b81fb38d" },
  "nvim-surround": { "branch": "main", "commit": "10b20ca7d9da1ac8df8339e140ffef94f9ab3b18" },
  "nvim-treesitter": { "branch": "master", "commit": "d49ba798c95398e62321b40041e8ac4654fea251" },
  "nvim-treesitter-endwise": { "branch": "master", "commit": "944b0d85bb6817948eaaf78893cbb23c25641d8f" },
  "nvim-treesitter-textobjects": { "branch": "master", "commit": "52f1f3280d9092bfaee5c45be5962fabee3d9654" },
  "nvim-ts-context-commentstring": { "branch": "main", "commit": "7f625207f225eea97ef7a6abe7611e556c396d2f" },
  "nvim-web-devicons": { "branch": "master", "commit": "9ab9b0b894b2388a9dbcdee5f00ce72e25d85bf9" },
  "one-small-step-for-vimkind": { "branch": "main", "commit": "f239ca0dc772f214e7ff0627ccbd45bceae88bf8" },
  "plenary.nvim": { "branch": "master", "commit": "36aaceb6e93addd20b1b18f94d86aecc552f30c4" },
  "rnvimr": { "branch": "main", "commit": "a89e373330649326a80c2fcafe7b92b5814792f6" },
  "telescope-fzf-native.nvim": { "branch": "main", "commit": "9bc8237565ded606e6c366a71c64c0af25cd7a50" },
  "telescope-undo.nvim": { "branch": "main", "commit": "3dec002ea3e7952071d26fbb5d01e2038a58a554" },
  "telescope.nvim": { "branch": "master", "commit": "6074847b6ee4b725747c8fc540d9b6b128ac8a12" },
  "tmux.nvim": { "branch": "main", "commit": "03e28fdaa2ef54b975ba1930f1e69b5e231dedc9" },
  "toggleterm.nvim": { "branch": "main", "commit": "4cac5c96445df3a97f162a0f810e38fde1eb525e" },
  "ts-node-action": { "branch": "master", "commit": "266bbe493f1285107341dd27875875ec1d80553d" },
  "vim-easy-align": { "branch": "master", "commit": "12dd6316974f71ce333e360c0260b4e1f81169c3" },
  "vim-fugitive": { "branch": "master", "commit": "43f18ab9155c853a84ded560c6104e6300ad41da" },
  "vim-sleuth": { "branch": "master", "commit": "1cc4557420f215d02c4d2645a748a816c220e99b" },
  "vim-table-mode": { "branch": "master", "commit": "9555a3e6e5bcf285ec181b7fc983eea90500feb4" },
  "vimtex": { "branch": "master", "commit": "b38bbcab7ab05067ce460e2d9e69c896fea7ebe0" }
}