{
  "Comment.nvim": { "branch": "master", "commit": "0236521ea582747b58869cb72f70ccfa967d2e89" },
  "LuaSnip": { "branch": "master", "commit": "80a8528f084a97b624ae443a6f50ff8074ba486b" },
  "cellular-automaton.nvim": { "branch": "main", "commit": "b7d056dab963b5d3f2c560d92937cb51db61cb5b" },
  "clangd_extensions.nvim": { "branch": "main", "commit": "34c8eaa12be192e83cd4865ce2375e9f53e728f2" },
  "cmp-buffer": { "branch": "main", "commit": "3022dbc9166796b644a841a02de8dd1cc1d311fa" },
  "cmp-calc": { "branch": "main", "commit": "ce91d14d2e7a8b3f6ad86d85e34d41c1ae6268d9" },
  "cmp-cmdline": { "branch": "main", "commit": "8ee981b4a91f536f52add291594e89fb6645e451" },
  "cmp-dap": { "branch": "master", "commit": "d16f14a210cd28988b97ca8339d504533b7e09a4" },
  "cmp-fuzzy-path": { "branch": "master", "commit": "acdb3d74ff32325b6379e68686fe489c3da29b0a" },
  "cmp-nvim-lsp": { "branch": "main", "commit": "44b16d11215dce86f253ce0c30949813c0a90765" },
  "cmp-nvim-lsp-signature-help": { "branch": "main", "commit": "3d8912ebeb56e5ae08ef0906e3a54de1c66b92f1" },
  "cmp_luasnip": { "branch": "master", "commit": "05a9ab28b53f71d1aece421ef32fee2cb857a843" },
  "copilot.lua": { "branch": "master", "commit": "688762a3999eeee54b78f447719854f52672ec02" },
  "everforest": { "branch": "master", "commit": "72f101bd63228a1a45012325e39c5280ec22c828" },
  "fcitx.nvim": { "branch": "master", "commit": "dcb6b70888aa893d3d223bb777d4117bbdac06a7" },
  "flatten.nvim": { "branch": "main", "commit": "f75bd1eae9aa826dda5ddc3a8cf5a0efa6df046b" },
  "fuzzy.nvim": { "branch": "master", "commit": "67a42ad2fa6d5ff41f0ef3cf69bb247410da5d7a" },
  "fzf-lua": { "branch": "main", "commit": "c965f107ab7616255c8da15a5b782069198b9749" },
  "git-conflict.nvim": { "branch": "main", "commit": "896261933afe2fddf6fb043d9cd4d88301b151a9" },
  "gitsigns.nvim": { "branch": "main", "commit": "af0f583cd35286dd6f0e3ed52622728703237e50" },
  "glance.nvim": { "branch": "master", "commit": "8ed5cf3b3b1231ea696d88c9efd977027429d869" },
  "gruvbox-material": { "branch": "master", "commit": "d13f4d4e75510e3d798f2ff7561d3c8991220375" },
  "kanagawa.nvim": { "branch": "master", "commit": "c19b9023842697ec92caf72cd3599f7dd7be4456" },
  "lazy.nvim": { "branch": "main", "commit": "16603c6917435d8446f7357cb61095138a417085" },
  "markdown-preview.nvim": { "branch": "master", "commit": "a923f5fc5ba36a3b17e289dc35dc17f66d0548ee" },
  "nvim-autopairs": { "branch": "master", "commit": "0f04d78619cce9a5af4f355968040f7d675854a1" },
  "nvim-cmp": { "branch": "main", "commit": "51260c02a8ffded8e16162dcf41a23ec90cfba62" },
  "nvim-colorizer.lua": { "branch": "master", "commit": "dde3084106a70b9a79d48f426f6d6fec6fd203f7" },
  "nvim-dap": { "branch": "master", "commit": "79dbc70eb79271ad801e4ff293887cde324c28d0" },
  "nvim-dap-ui": { "branch": "master", "commit": "34160a7ce6072ef332f350ae1d4a6a501daf0159" },
  "nvim-lspconfig": { "branch": "master", "commit": "cb49a4cd622d7ed775c31561bb8aa6a50712d6b9" },
  "nvim-surround": { "branch": "main", "commit": "4f0e1f470595af067eca9b872778d83c7f52f134" },
  "nvim-treesitter": { "branch": "master", "commit": "bf0a96568a54618138ac42c84758945cdafef86b" },
  "nvim-treesitter-endwise": { "branch": "master", "commit": "4c344ffc8d54d7e1ba2cefaaa2c10ea93aa1cc2d" },
  "nvim-treesitter-textobjects": { "branch": "master", "commit": "e69a504baf2951d52e1f1fbb05145d43f236cbf1" },
  "nvim-ts-context-commentstring": { "branch": "main", "commit": "92e688f013c69f90c9bbd596019ec10235bc51de" },
  "nvim-web-devicons": { "branch": "master", "commit": "5de460ca7595806044eced31e3c36c159a493857" },
  "one-small-step-for-vimkind": { "branch": "main", "commit": "edbb34ee779049f2071dc7becff0bbf51c865906" },
  "plenary.nvim": { "branch": "master", "commit": "50012918b2fc8357b87cff2a7f7f0446e47da174" },
  "rose-pine": { "branch": "main", "commit": "92762f4fa2144c05db760ea254f4c399a56a7ef5" },
  "telescope-fzf-native.nvim": { "branch": "main", "commit": "6c921ca12321edaa773e324ef64ea301a1d0da62" },
  "treesj": { "branch": "main", "commit": "070e6761d0b11a55446d988a69908f7a0928dbab" },
  "vim-easy-align": { "branch": "master", "commit": "12dd6316974f71ce333e360c0260b4e1f81169c3" },
  "vim-fugitive": { "branch": "master", "commit": "cbe9dfa162c178946afa689dd3f42d4ea8bf89c1" },
  "vim-sleuth": { "branch": "master", "commit": "1cc4557420f215d02c4d2645a748a816c220e99b" },
  "vim-table-mode": { "branch": "master", "commit": "9ac358083943f6339fc304a6e218b634fd1e30bd" },
  "vimtex": { "branch": "master", "commit": "b73f7c3272b75fc4c51fc04b7dd4f1665b259c03" }
}
